
Microsoft Visual Studio Solution File, Format Version 12.00
# Visual Studio Version 16
VisualStudioVersion = 16.0.31911.196
MinimumVisualStudioVersion = 10.0.40219.1
Project("{FAE04EC0-301F-11D3-BF4B-00C04F79EFBC}") = "MVC learning", "MVC learning\MVC learning.csproj", "{A567ED53-2BDE-4647-A77E-E2D191822034}"
EndProject
Global
	GlobalSection(SolutionConfigurationPlatforms) = preSolution
		Debug|Any CPU = Debug|Any CPU
		Release|Any CPU = Release|Any CPU
	EndGlobalSection
	GlobalSection(ProjectConfigurationPlatforms) = postSolution
		{A567ED53-2BDE-4647-A77E-E2D191822034}.Debug|Any CPU.ActiveCfg = Debug|Any CPU
		{A567ED53-2BDE-4647-A77E-E2D191822034}.Debug|Any CPU.Build.0 = Debug|Any CPU
		{A567ED53-2BDE-4647-A77E-E2D191822034}.Release|Any CPU.ActiveCfg = Release|Any CPU
		{A567ED53-2BDE-4647-A77E-E2D191822034}.Release|Any CPU.Build.0 = Release|Any CPU
	EndGlobalSection
	GlobalSection(SolutionProperties) = preSolution
		HideSolutionNode = FALSE
	EndGlobalSection
	GlobalSection(ExtensibilityGlobals) = postSolution
		SolutionGuid = {5E18D51E-E4E1-44F9-A663-3241F43AF305}
	EndGlobalSection
EndGlobal
