
Microsoft Visual Studio Solution File, Format Version 12.00
# Visual Studio Version 16
VisualStudioVersion = 16.0.31911.196
MinimumVisualStudioVersion = 10.0.40219.1
Project("{FAE04EC0-301F-11D3-BF4B-00C04F79EFBC}") = "Model MVC", "Model MVC\Model MVC.csproj", "{27102063-A8E7-41E3-835F-1C675C3BE227}"
EndProject
Global
	GlobalSection(SolutionConfigurationPlatforms) = preSolution
		Debug|Any CPU = Debug|Any CPU
		Release|Any CPU = Release|Any CPU
	EndGlobalSection
	GlobalSection(ProjectConfigurationPlatforms) = postSolution
		{27102063-A8E7-41E3-835F-1C675C3BE227}.Debug|Any CPU.ActiveCfg = Debug|Any CPU
		{27102063-A8E7-41E3-835F-1C675C3BE227}.Debug|Any CPU.Build.0 = Debug|Any CPU
		{27102063-A8E7-41E3-835F-1C675C3BE227}.Release|Any CPU.ActiveCfg = Release|Any CPU
		{27102063-A8E7-41E3-835F-1C675C3BE227}.Release|Any CPU.Build.0 = Release|Any CPU
	EndGlobalSection
	GlobalSection(SolutionProperties) = preSolution
		HideSolutionNode = FALSE
	EndGlobalSection
	GlobalSection(ExtensibilityGlobals) = postSolution
		SolutionGuid = {156AFBB0-CB86-40FE-B384-5A81A6564171}
	EndGlobalSection
EndGlobal
