
Microsoft Visual Studio Solution File, Format Version 12.00
# Visual Studio Version 16
VisualStudioVersion = 16.0.31911.196
MinimumVisualStudioVersion = 10.0.40219.1
Project("{E24C65DC-7377-472B-9ABA-BC803B73C61A}") = "EmptyWebPage", ".", "{4CEEC34C-B5E0-468C-B90A-11D061BC0E01}"
	ProjectSection(WebsiteProperties) = preProject
		TargetFrameworkMoniker = ".NETFramework,Version%3Dv4.6"
		Debug.AspNetCompiler.VirtualPath = "/localhost_54161"
		Debug.AspNetCompiler.PhysicalPath = "..\EmptyWebPage\"
		Debug.AspNetCompiler.TargetPath = "PrecompiledWeb\localhost_54161\"
		Debug.AspNetCompiler.Updateable = "true"
		Debug.AspNetCompiler.ForceOverwrite = "true"
		Debug.AspNetCompiler.FixedNames = "false"
		Debug.AspNetCompiler.Debug = "True"
		Release.AspNetCompiler.VirtualPath = "/localhost_54161"
		Release.AspNetCompiler.PhysicalPath = "..\EmptyWebPage\"
		Release.AspNetCompiler.TargetPath = "PrecompiledWeb\localhost_54161\"
		Release.AspNetCompiler.Updateable = "true"
		Release.AspNetCompiler.ForceOverwrite = "true"
		Release.AspNetCompiler.FixedNames = "false"
		Release.AspNetCompiler.Debug = "False"
		VWDPort = "54161"
		SlnRelativePath = "..\EmptyWebPage\"
		DefaultWebSiteLanguage = "Visual C#"
	EndProjectSection
EndProject
Global
	GlobalSection(SolutionConfigurationPlatforms) = preSolution
		Debug|Any CPU = Debug|Any CPU
	EndGlobalSection
	GlobalSection(ProjectConfigurationPlatforms) = postSolution
		{4CEEC34C-B5E0-468C-B90A-11D061BC0E01}.Debug|Any CPU.ActiveCfg = Debug|Any CPU
		{4CEEC34C-B5E0-468C-B90A-11D061BC0E01}.Debug|Any CPU.Build.0 = Debug|Any CPU
	EndGlobalSection
	GlobalSection(SolutionProperties) = preSolution
		HideSolutionNode = FALSE
	EndGlobalSection
	GlobalSection(ExtensibilityGlobals) = postSolution
		SolutionGuid = {3B41FAFF-611F-41B8-9F4F-D34C58FD9C8E}
	EndGlobalSection
EndGlobal
