
Microsoft Visual Studio Solution File, Format Version 12.00
# Visual Studio Version 16
VisualStudioVersion = 16.0.31911.196
MinimumVisualStudioVersion = 10.0.40219.1
Project("{FAE04EC0-301F-11D3-BF4B-00C04F79EFBC}") = "TempDataDemo", "TempDataDemo.csproj", "{BFBB4F19-B147-4C93-B541-0B7521A8AD11}"
EndProject
Global
	GlobalSection(SolutionConfigurationPlatforms) = preSolution
		Debug|Any CPU = Debug|Any CPU
		Release|Any CPU = Release|Any CPU
	EndGlobalSection
	GlobalSection(ProjectConfigurationPlatforms) = postSolution
		{BFBB4F19-B147-4C93-B541-0B7521A8AD11}.Debug|Any CPU.ActiveCfg = Debug|Any CPU
		{BFBB4F19-B147-4C93-B541-0B7521A8AD11}.Debug|Any CPU.Build.0 = Debug|Any CPU
		{BFBB4F19-B147-4C93-B541-0B7521A8AD11}.Release|Any CPU.ActiveCfg = Release|Any CPU
		{BFBB4F19-B147-4C93-B541-0B7521A8AD11}.Release|Any CPU.Build.0 = Release|Any CPU
	EndGlobalSection
	GlobalSection(SolutionProperties) = preSolution
		HideSolutionNode = FALSE
	EndGlobalSection
	GlobalSection(ExtensibilityGlobals) = postSolution
		SolutionGuid = {C2376B9B-D92C-408A-A542-0A3564A1481B}
	EndGlobalSection
EndGlobal
