
Microsoft Visual Studio Solution File, Format Version 12.00
# Visual Studio Version 16
VisualStudioVersion = 16.0.31911.196
MinimumVisualStudioVersion = 10.0.40219.1
Project("{E24C65DC-7377-472B-9ABA-BC803B73C61A}") = "Webpages", ".", "{DFA6B443-E9CA-470B-A9EE-32EB48034AD7}"
	ProjectSection(WebsiteProperties) = preProject
		TargetFrameworkMoniker = ".NETFramework,Version%3Dv4.6"
		Debug.AspNetCompiler.VirtualPath = "/localhost_54042"
		Debug.AspNetCompiler.PhysicalPath = "..\Webpages\"
		Debug.AspNetCompiler.TargetPath = "PrecompiledWeb\localhost_54042\"
		Debug.AspNetCompiler.Updateable = "true"
		Debug.AspNetCompiler.ForceOverwrite = "true"
		Debug.AspNetCompiler.FixedNames = "false"
		Debug.AspNetCompiler.Debug = "True"
		Release.AspNetCompiler.VirtualPath = "/localhost_54042"
		Release.AspNetCompiler.PhysicalPath = "..\Webpages\"
		Release.AspNetCompiler.TargetPath = "PrecompiledWeb\localhost_54042\"
		Release.AspNetCompiler.Updateable = "true"
		Release.AspNetCompiler.ForceOverwrite = "true"
		Release.AspNetCompiler.FixedNames = "false"
		Release.AspNetCompiler.Debug = "False"
		VWDPort = "54042"
		SlnRelativePath = "..\Webpages\"
		DefaultWebSiteLanguage = "Visual C#"
	EndProjectSection
EndProject
Global
	GlobalSection(SolutionConfigurationPlatforms) = preSolution
		Debug|Any CPU = Debug|Any CPU
	EndGlobalSection
	GlobalSection(ProjectConfigurationPlatforms) = postSolution
		{DFA6B443-E9CA-470B-A9EE-32EB48034AD7}.Debug|Any CPU.ActiveCfg = Debug|Any CPU
		{DFA6B443-E9CA-470B-A9EE-32EB48034AD7}.Debug|Any CPU.Build.0 = Debug|Any CPU
	EndGlobalSection
	GlobalSection(SolutionProperties) = preSolution
		HideSolutionNode = FALSE
	EndGlobalSection
	GlobalSection(ExtensibilityGlobals) = postSolution
		SolutionGuid = {A5219469-63F8-4F26-A789-EB08D4EF0599}
	EndGlobalSection
EndGlobal
